
Microsoft Visual Studio Solution File, Format Version 12.00
# Visual Studio Version 17
VisualStudioVersion = 17.1.32319.34
MinimumVisualStudioVersion = 10.0.40219.1
Project("{2150E333-8FDC-42A3-9474-1A3956D46DE8}") = "Solution Items", "Solution Items", "{BC4EF353-6E65-40C7-8C63-D25A01FD927F}"
	ProjectSection(SolutionItems) = preProject
		Patterns\DesignPattern.csproj = Patterns\DesignPattern.csproj
		Patterns\Program.cs = Patterns\Program.cs
	EndProjectSection
EndProject
Project("{9A19103F-16F7-4668-BE54-9A1E7A4F7556}") = "DesignPattern", "Patterns\DesignPattern.csproj", "{DA3012DB-8AED-446D-BCC4-2A1D59946896}"
EndProject
Global
	GlobalSection(SolutionConfigurationPlatforms) = preSolution
		Debug|Any CPU = Debug|Any CPU
		Release|Any CPU = Release|Any CPU
	EndGlobalSection
	GlobalSection(ProjectConfigurationPlatforms) = postSolution
		{DA3012DB-8AED-446D-BCC4-2A1D59946896}.Debug|Any CPU.ActiveCfg = Debug|Any CPU
		{DA3012DB-8AED-446D-BCC4-2A1D59946896}.Debug|Any CPU.Build.0 = Debug|Any CPU
		{DA3012DB-8AED-446D-BCC4-2A1D59946896}.Release|Any CPU.ActiveCfg = Release|Any CPU
		{DA3012DB-8AED-446D-BCC4-2A1D59946896}.Release|Any CPU.Build.0 = Release|Any CPU
	EndGlobalSection
	GlobalSection(SolutionProperties) = preSolution
		HideSolutionNode = FALSE
	EndGlobalSection
	GlobalSection(NestedProjects) = preSolution
		{DA3012DB-8AED-446D-BCC4-2A1D59946896} = {BC4EF353-6E65-40C7-8C63-D25A01FD927F}
	EndGlobalSection
	GlobalSection(ExtensibilityGlobals) = postSolution
		SolutionGuid = {A6064D52-A70C-4901-AE76-82681267D92A}
	EndGlobalSection
EndGlobal
